// !$*UTF8*$!
{
	archiveVersion = 1;
	classes = {
	};
	objectVersion = 46;
	objects = {

/* Begin PBXBuildFile section */
		020E605B1AFD88890029AC27 /* User.swift in Sources */ = {isa = PBXBuildFile; fileRef = 020E605A1AFD88890029AC27 /* User.swift */; };
		0248BEA51AFD053B008A97DC /* AppDelegate.swift in Sources */ = {isa = PBXBuildFile; fileRef = 0248BEA41AFD053B008A97DC /* AppDelegate.swift */; };
		0248BEA71AFD053B008A97DC /* ViewController.swift in Sources */ = {isa = PBXBuildFile; fileRef = 0248BEA61AFD053B008A97DC /* ViewController.swift */; };
		0248BEAA1AFD053B008A97DC /* Main.storyboard in Resources */ = {isa = PBXBuildFile; fileRef = 0248BEA81AFD053B008A97DC /* Main.storyboard */; };
		0248BEAC1AFD053B008A97DC /* Images.xcassets in Resources */ = {isa = PBXBuildFile; fileRef = 0248BEAB1AFD053B008A97DC /* Images.xcassets */; };
		0248BEAF1AFD053B008A97DC /* LaunchScreen.xib in Resources */ = {isa = PBXBuildFile; fileRef = 0248BEAD1AFD053B008A97DC /* LaunchScreen.xib */; };
		0248BEBB1AFD053B008A97DC /* Autolayout_193pTests.swift in Sources */ = {isa = PBXBuildFile; fileRef = 0248BEBA1AFD053B008A97DC /* Autolayout_193pTests.swift */; };
		0260C2B51AFE5FC2003C2A10 /* hennessy.png in Resources */ = {isa = PBXBuildFile; fileRef = 0260C2A41AFE5FC2003C2A10 /* hennessy.png */; };
		0260C2B71AFE5FC2003C2A10 /* japple.png in Resources */ = {isa = PBXBuildFile; fileRef = 0260C2A71AFE5FC2003C2A10 /* japple.png */; };
		0260C2B91AFE5FC2003C2A10 /* madbum.jpeg in Resources */ = {isa = PBXBuildFile; fileRef = 0260C2AA1AFE5FC2003C2A10 /* madbum.jpeg */; };
		0260C2BB1AFE5FC2003C2A10 /* stanford tree.png in Resources */ = {isa = PBXBuildFile; fileRef = 0260C2AD1AFE5FC2003C2A10 /* stanford tree.png */; };
		0260C2BC1AFE5FC2003C2A10 /* stanford.png in Resources */ = {isa = PBXBuildFile; fileRef = 0260C2AE1AFE5FC2003C2A10 /* stanford.png */; };
		0260C2BE1AFE5FC2003C2A10 /* unknown_user.png in Resources */ = {isa = PBXBuildFile; fileRef = 0260C2B11AFE5FC2003C2A10 /* unknown_user.png */; };
/* End PBXBuildFile section */

/* Begin PBXContainerItemProxy section */
		0248BEB51AFD053B008A97DC /* PBXContainerItemProxy */ = {
			isa = PBXContainerItemProxy;
			containerPortal = 0248BE971AFD053B008A97DC /* Project object */;
			proxyType = 1;
			remoteGlobalIDString = 0248BE9E1AFD053B008A97DC;
			remoteInfo = Autolayout_193p;
		};
/* End PBXContainerItemProxy section */

/* Begin PBXFileReference section */
		020E605A1AFD88890029AC27 /* User.swift */ = {isa = PBXFileReference; fileEncoding = 4; lastKnownFileType = sourcecode.swift; path = User.swift; sourceTree = "<group>"; };
		0248BE9F1AFD053B008A97DC /* Autolayout_193p.app */ = {isa = PBXFileReference; explicitFileType = wrapper.application; includeInIndex = 0; path = Autolayout_193p.app; sourceTree = BUILT_PRODUCTS_DIR; };
		0248BEA31AFD053B008A97DC /* Info.plist */ = {isa = PBXFileReference; lastKnownFileType = text.plist.xml; path = Info.plist; sourceTree = "<group>"; };
		0248BEA41AFD053B008A97DC /* AppDelegate.swift */ = {isa = PBXFileReference; lastKnownFileType = sourcecode.swift; path = AppDelegate.swift; sourceTree = "<group>"; };
		0248BEA61AFD053B008A97DC /* ViewController.swift */ = {isa = PBXFileReference; lastKnownFileType = sourcecode.swift; path = ViewController.swift; sourceTree = "<group>"; };
		0248BEA91AFD053B008A97DC /* Base */ = {isa = PBXFileReference; lastKnownFileType = file.storyboard; name = Base; path = Base.lproj/Main.storyboard; sourceTree = "<group>"; };
		0248BEAB1AFD053B008A97DC /* Images.xcassets */ = {isa = PBXFileReference; lastKnownFileType = folder.assetcatalog; path = Images.xcassets; sourceTree = "<group>"; };
		0248BEAE1AFD053B008A97DC /* Base */ = {isa = PBXFileReference; lastKnownFileType = file.xib; name = Base; path = Base.lproj/LaunchScreen.xib; sourceTree = "<group>"; };
		0248BEB41AFD053B008A97DC /* Autolayout_193pTests.xctest */ = {isa = PBXFileReference; explicitFileType = wrapper.cfbundle; includeInIndex = 0; path = Autolayout_193pTests.xctest; sourceTree = BUILT_PRODUCTS_DIR; };
		0248BEB91AFD053B008A97DC /* Info.plist */ = {isa = PBXFileReference; lastKnownFileType = text.plist.xml; path = Info.plist; sourceTree = "<group>"; };
		0248BEBA1AFD053B008A97DC /* Autolayout_193pTests.swift */ = {isa = PBXFileReference; lastKnownFileType = sourcecode.swift; path = Autolayout_193pTests.swift; sourceTree = "<group>"; };
		0260C2A41AFE5FC2003C2A10 /* hennessy.png */ = {isa = PBXFileReference; lastKnownFileType = image.png; path = hennessy.png; sourceTree = "<group>"; };
		0260C2A71AFE5FC2003C2A10 /* japple.png */ = {isa = PBXFileReference; lastKnownFileType = image.png; path = japple.png; sourceTree = "<group>"; };
		0260C2AA1AFE5FC2003C2A10 /* madbum.jpeg */ = {isa = PBXFileReference; lastKnownFileType = image.jpeg; path = madbum.jpeg; sourceTree = "<group>"; };
		0260C2AD1AFE5FC2003C2A10 /* stanford tree.png */ = {isa = PBXFileReference; lastKnownFileType = image.png; path = "stanford tree.png"; sourceTree = "<group>"; };
		0260C2AE1AFE5FC2003C2A10 /* stanford.png */ = {isa = PBXFileReference; lastKnownFileType = image.png; path = stanford.png; sourceTree = "<group>"; };
		0260C2B11AFE5FC2003C2A10 /* unknown_user.png */ = {isa = PBXFileReference; lastKnownFileType = image.png; path = unknown_user.png; sourceTree = "<group>"; };
/* End PBXFileReference section */

/* Begin PBXFrameworksBuildPhase section */
		0248BE9C1AFD053B008A97DC /* Frameworks */ = {
			isa = PBXFrameworksBuildPhase;
			buildActionMask = 2147483647;
			files = (
			);
			runOnlyForDeploymentPostprocessing = 0;
		};
		0248BEB11AFD053B008A97DC /* Frameworks */ = {
			isa = PBXFrameworksBuildPhase;
			buildActionMask = 2147483647;
			files = (
			);
			runOnlyForDeploymentPostprocessing = 0;
		};
/* End PBXFrameworksBuildPhase section */

/* Begin PBXGroup section */
		0248BE961AFD053B008A97DC = {
			isa = PBXGroup;
			children = (
				0248BEA11AFD053B008A97DC /* Autolayout_193p */,
				0248BEB71AFD053B008A97DC /* Autolayout_193pTests */,
				0248BEA01AFD053B008A97DC /* Products */,
			);
			sourceTree = "<group>";
		};
		0248BEA01AFD053B008A97DC /* Products */ = {
			isa = PBXGroup;
			children = (
				0248BE9F1AFD053B008A97DC /* Autolayout_193p.app */,
				0248BEB41AFD053B008A97DC /* Autolayout_193pTests.xctest */,
			);
			name = Products;
			sourceTree = "<group>";
		};
		0248BEA11AFD053B008A97DC /* Autolayout_193p */ = {
			isa = PBXGroup;
			children = (
				0248BEA61AFD053B008A97DC /* ViewController.swift */,
				020E605A1AFD88890029AC27 /* User.swift */,
				0248BEA81AFD053B008A97DC /* Main.storyboard */,
				0248BEAB1AFD053B008A97DC /* Images.xcassets */,
				0248BEA21AFD053B008A97DC /* Supporting Files */,
			);
			path = Autolayout_193p;
			sourceTree = "<group>";
		};
		0248BEA21AFD053B008A97DC /* Supporting Files */ = {
			isa = PBXGroup;
			children = (
				0260C2A21AFE5FC2003C2A10 /* hennessy.imageset */,
				0260C2A51AFE5FC2003C2A10 /* japple.imageset */,
				0260C2A81AFE5FC2003C2A10 /* madbum.imageset */,
				0260C2AB1AFE5FC2003C2A10 /* stanford.imageset */,
				0260C2AF1AFE5FC2003C2A10 /* unknown_user.imageset */,
				0260C2B21AFE5FC2003C2A10 /* AppIcon.appiconset */,
				0248BEA41AFD053B008A97DC /* AppDelegate.swift */,
				0248BEAD1AFD053B008A97DC /* LaunchScreen.xib */,
				0248BEA31AFD053B008A97DC /* Info.plist */,
			);
			name = "Supporting Files";
			sourceTree = "<group>";
		};
		0248BEB71AFD053B008A97DC /* Autolayout_193pTests */ = {
			isa = PBXGroup;
			children = (
				0248BEBA1AFD053B008A97DC /* Autolayout_193pTests.swift */,
				0248BEB81AFD053B008A97DC /* Supporting Files */,
			);
			path = Autolayout_193pTests;
			sourceTree = "<group>";
		};
		0248BEB81AFD053B008A97DC /* Supporting Files */ = {
			isa = PBXGroup;
			children = (
				0248BEB91AFD053B008A97DC /* Info.plist */,
			);
			name = "Supporting Files";
			sourceTree = "<group>";
		};
		0260C2A21AFE5FC2003C2A10 /* hennessy.imageset */ = {
			isa = PBXGroup;
			children = (
				0260C2A41AFE5FC2003C2A10 /* hennessy.png */,
			);
			path = hennessy.imageset;
			sourceTree = "<group>";
		};
		0260C2A51AFE5FC2003C2A10 /* japple.imageset */ = {
			isa = PBXGroup;
			children = (
				0260C2A71AFE5FC2003C2A10 /* japple.png */,
			);
			path = japple.imageset;
			sourceTree = "<group>";
		};
		0260C2A81AFE5FC2003C2A10 /* madbum.imageset */ = {
			isa = PBXGroup;
			children = (
				0260C2AA1AFE5FC2003C2A10 /* madbum.jpeg */,
			);
			path = madbum.imageset;
			sourceTree = "<group>";
		};
		0260C2AB1AFE5FC2003C2A10 /* stanford.imageset */ = {
			isa = PBXGroup;
			children = (
				0260C2AD1AFE5FC2003C2A10 /* stanford tree.png */,
				0260C2AE1AFE5FC2003C2A10 /* stanford.png */,
			);
			path = stanford.imageset;
			sourceTree = "<group>";
		};
		0260C2AF1AFE5FC2003C2A10 /* unknown_user.imageset */ = {
			isa = PBXGroup;
			children = (
				0260C2B11AFE5FC2003C2A10 /* unknown_user.png */,
			);
			path = unknown_user.imageset;
			sourceTree = "<group>";
		};
		0260C2B21AFE5FC2003C2A10 /* AppIcon.appiconset */ = {
			isa = PBXGroup;
			children = (
			);
			path = AppIcon.appiconset;
			sourceTree = "<group>";
		};
/* End PBXGroup section */

/* Begin PBXNativeTarget section */
		0248BE9E1AFD053B008A97DC /* Autolayout_193p */ = {
			isa = PBXNativeTarget;
			buildConfigurationList = 0248BEBE1AFD053B008A97DC /* Build configuration list for PBXNativeTarget "Autolayout_193p" */;
			buildPhases = (
				0248BE9B1AFD053B008A97DC /* Sources */,
				0248BE9C1AFD053B008A97DC /* Frameworks */,
				0248BE9D1AFD053B008A97DC /* Resources */,
			);
			buildRules = (
			);
			dependencies = (
			);
			name = Autolayout_193p;
			productName = Autolayout_193p;
			productReference = 0248BE9F1AFD053B008A97DC /* Autolayout_193p.app */;
			productType = "com.apple.product-type.application";
		};
		0248BEB31AFD053B008A97DC /* Autolayout_193pTests */ = {
			isa = PBXNativeTarget;
			buildConfigurationList = 0248BEC11AFD053B008A97DC /* Build configuration list for PBXNativeTarget "Autolayout_193pTests" */;
			buildPhases = (
				0248BEB01AFD053B008A97DC /* Sources */,
				0248BEB11AFD053B008A97DC /* Frameworks */,
				0248BEB21AFD053B008A97DC /* Resources */,
			);
			buildRules = (
			);
			dependencies = (
				0248BEB61AFD053B008A97DC /* PBXTargetDependency */,
			);
			name = Autolayout_193pTests;
			productName = Autolayout_193pTests;
			productReference = 0248BEB41AFD053B008A97DC /* Autolayout_193pTests.xctest */;
			productType = "com.apple.product-type.bundle.unit-test";
		};
/* End PBXNativeTarget section */

/* Begin PBXProject section */
		0248BE971AFD053B008A97DC /* Project object */ = {
			isa = PBXProject;
			attributes = {
				LastUpgradeCheck = 0630;
				ORGANIZATIONNAME = "Shane Hughes";
				TargetAttributes = {
					0248BE9E1AFD053B008A97DC = {
						CreatedOnToolsVersion = 6.3;
					};
					0248BEB31AFD053B008A97DC = {
						CreatedOnToolsVersion = 6.3;
						TestTargetID = 0248BE9E1AFD053B008A97DC;
					};
				};
			};
			buildConfigurationList = 0248BE9A1AFD053B008A97DC /* Build configuration list for PBXProject "Autolayout_193p" */;
			compatibilityVersion = "Xcode 3.2";
			developmentRegion = English;
			hasScannedForEncodings = 0;
			knownRegions = (
				en,
				Base,
			);
			mainGroup = 0248BE961AFD053B008A97DC;
			productRefGroup = 0248BEA01AFD053B008A97DC /* Products */;
			projectDirPath = "";
			projectRoot = "";
			targets = (
				0248BE9E1AFD053B008A97DC /* Autolayout_193p */,
				0248BEB31AFD053B008A97DC /* Autolayout_193pTests */,
			);
		};
/* End PBXProject section */

/* Begin PBXResourcesBuildPhase section */
		0248BE9D1AFD053B008A97DC /* Resources */ = {
			isa = PBXResourcesBuildPhase;
			buildActionMask = 2147483647;
			files = (
				0260C2BB1AFE5FC2003C2A10 /* stanford tree.png in Resources */,
				0248BEAA1AFD053B008A97DC /* Main.storyboard in Resources */,
				0248BEAF1AFD053B008A97DC /* LaunchScreen.xib in Resources */,
				0248BEAC1AFD053B008A97DC /* Images.xcassets in Resources */,
				0260C2BC1AFE5FC2003C2A10 /* stanford.png in Resources */,
				0260C2B51AFE5FC2003C2A10 /* hennessy.png in Resources */,
				0260C2BE1AFE5FC2003C2A10 /* unknown_user.png in Resources */,
				0260C2B91AFE5FC2003C2A10 /* madbum.jpeg in Resources */,
				0260C2B71AFE5FC2003C2A10 /* japple.png in Resources */,
			);
			runOnlyForDeploymentPostprocessing = 0;
		};
		0248BEB21AFD053B008A97DC /* Resources */ = {
			isa = PBXResourcesBuildPhase;
			buildActionMask = 2147483647;
			files = (
			);
			runOnlyForDeploymentPostprocessing = 0;
		};
/* End PBXResourcesBuildPhase section */

/* Begin PBXSourcesBuildPhase section */
		0248BE9B1AFD053B008A97DC /* Sources */ = {
			isa = PBXSourcesBuildPhase;
			buildActionMask = 2147483647;
			files = (
				0248BEA71AFD053B008A97DC /* ViewController.swift in Sources */,
				0248BEA51AFD053B008A97DC /* AppDelegate.swift in Sources */,
				020E605B1AFD88890029AC27 /* User.swift in Sources */,
			);
			runOnlyForDeploymentPostprocessing = 0;
		};
		0248BEB01AFD053B008A97DC /* Sources */ = {
			isa = PBXSourcesBuildPhase;
			buildActionMask = 2147483647;
			files = (
				0248BEBB1AFD053B008A97DC /* Autolayout_193pTests.swift in Sources */,
			);
			runOnlyForDeploymentPostprocessing = 0;
		};
/* End PBXSourcesBuildPhase section */

/* Begin PBXTargetDependency section */
		0248BEB61AFD053B008A97DC /* PBXTargetDependency */ = {
			isa = PBXTargetDependency;
			target = 0248BE9E1AFD053B008A97DC /* Autolayout_193p */;
			targetProxy = 0248BEB51AFD053B008A97DC /* PBXContainerItemProxy */;
		};
/* End PBXTargetDependency section */

/* Begin PBXVariantGroup section */
		0248BEA81AFD053B008A97DC /* Main.storyboard */ = {
			isa = PBXVariantGroup;
			children = (
				0248BEA91AFD053B008A97DC /* Base */,
			);
			name = Main.storyboard;
			sourceTree = "<group>";
		};
		0248BEAD1AFD053B008A97DC /* LaunchScreen.xib */ = {
			isa = PBXVariantGroup;
			children = (
				0248BEAE1AFD053B008A97DC /* Base */,
			);
			name = LaunchScreen.xib;
			sourceTree = "<group>";
		};
/* End PBXVariantGroup section */

/* Begin XCBuildConfiguration section */
		0248BEBC1AFD053B008A97DC /* Debug */ = {
			isa = XCBuildConfiguration;
			buildSettings = {
				ALWAYS_SEARCH_USER_PATHS = NO;
				CLANG_CXX_LANGUAGE_STANDARD = "gnu++0x";
				CLANG_CXX_LIBRARY = "libc++";
				CLANG_ENABLE_MODULES = YES;
				CLANG_ENABLE_OBJC_ARC = YES;
				CLANG_WARN_BOOL_CONVERSION = YES;
				CLANG_WARN_CONSTANT_CONVERSION = YES;
				CLANG_WARN_DIRECT_OBJC_ISA_USAGE = YES_ERROR;
				CLANG_WARN_EMPTY_BODY = YES;
				CLANG_WARN_ENUM_CONVERSION = YES;
				CLANG_WARN_INT_CONVERSION = YES;
				CLANG_WARN_OBJC_ROOT_CLASS = YES_ERROR;
				CLANG_WARN_UNREACHABLE_CODE = YES;
				CLANG_WARN__DUPLICATE_METHOD_MATCH = YES;
				"CODE_SIGN_IDENTITY[sdk=iphoneos*]" = "iPhone Developer";
				COPY_PHASE_STRIP = NO;
				DEBUG_INFORMATION_FORMAT = "dwarf-with-dsym";
				ENABLE_STRICT_OBJC_MSGSEND = YES;
				GCC_C_LANGUAGE_STANDARD = gnu99;
				GCC_DYNAMIC_NO_PIC = NO;
				GCC_NO_COMMON_BLOCKS = YES;
				GCC_OPTIMIZATION_LEVEL = 0;
				GCC_PREPROCESSOR_DEFINITIONS = (
					"DEBUG=1",
					"$(inherited)",
				);
				GCC_SYMBOLS_PRIVATE_EXTERN = NO;
				GCC_WARN_64_TO_32_BIT_CONVERSION = YES;
				GCC_WARN_ABOUT_RETURN_TYPE = YES_ERROR;
				GCC_WARN_UNDECLARED_SELECTOR = YES;
				GCC_WARN_UNINITIALIZED_AUTOS = YES_AGGRESSIVE;
				GCC_WARN_UNUSED_FUNCTION = YES;
				GCC_WARN_UNUSED_VARIABLE = YES;
				IPHONEOS_DEPLOYMENT_TARGET = 8.3;
				MTL_ENABLE_DEBUG_INFO = YES;
				ONLY_ACTIVE_ARCH = YES;
				SDKROOT = iphoneos;
				SWIFT_OPTIMIZATION_LEVEL = "-Onone";
				TARGETED_DEVICE_FAMILY = "1,2";
			};
			name = Debug;
		};
		0248BEBD1AFD053B008A97DC /* Release */ = {
			isa = XCBuildConfiguration;
			buildSettings = {
				ALWAYS_SEARCH_USER_PATHS = NO;
				CLANG_CXX_LANGUAGE_STANDARD = "gnu++0x";
				CLANG_CXX_LIBRARY = "libc++";
				CLANG_ENABLE_MODULES = YES;
				CLANG_ENABLE_OBJC_ARC = YES;
				CLANG_WARN_BOOL_CONVERSION = YES;
				CLANG_WARN_CONSTANT_CONVERSION = YES;
				CLANG_WARN_DIRECT_OBJC_ISA_USAGE = YES_ERROR;
				CLANG_WARN_EMPTY_BODY = YES;
				CLANG_WARN_ENUM_CONVERSION = YES;
				CLANG_WARN_INT_CONVERSION = YES;
				CLANG_WARN_OBJC_ROOT_CLASS = YES_ERROR;
				CLANG_WARN_UNREACHABLE_CODE = YES;
				CLANG_WARN__DUPLICATE_METHOD_MATCH = YES;
				"CODE_SIGN_IDENTITY[sdk=iphoneos*]" = "iPhone Developer";
				COPY_PHASE_STRIP = NO;
				DEBUG_INFORMATION_FORMAT = "dwarf-with-dsym";
				ENABLE_NS_ASSERTIONS = NO;
				ENABLE_STRICT_OBJC_MSGSEND = YES;
				GCC_C_LANGUAGE_STANDARD = gnu99;
				GCC_NO_COMMON_BLOCKS = YES;
				GCC_WARN_64_TO_32_BIT_CONVERSION = YES;
				GCC_WARN_ABOUT_RETURN_TYPE = YES_ERROR;
				GCC_WARN_UNDECLARED_SELECTOR = YES;
				GCC_WARN_UNINITIALIZED_AUTOS = YES_AGGRESSIVE;
				GCC_WARN_UNUSED_FUNCTION = YES;
				GCC_WARN_UNUSED_VARIABLE = YES;
				IPHONEOS_DEPLOYMENT_TARGET = 8.3;
				MTL_ENABLE_DEBUG_INFO = NO;
				SDKROOT = iphoneos;
				TARGETED_DEVICE_FAMILY = "1,2";
				VALIDATE_PRODUCT = YES;
			};
			name = Release;
		};
		0248BEBF1AFD053B008A97DC /* Debug */ = {
			isa = XCBuildConfiguration;
			buildSettings = {
				ASSETCATALOG_COMPILER_APPICON_NAME = AppIcon;
				INFOPLIST_FILE = Autolayout_193p/Info.plist;
				LD_RUNPATH_SEARCH_PATHS = "$(inherited) @executable_path/Frameworks";
				PRODUCT_NAME = "$(TARGET_NAME)";
			};
			name = Debug;
		};
		0248BEC01AFD053B008A97DC /* Release */ = {
			isa = XCBuildConfiguration;
			buildSettings = {
				ASSETCATALOG_COMPILER_APPICON_NAME = AppIcon;
				INFOPLIST_FILE = Autolayout_193p/Info.plist;
				LD_RUNPATH_SEARCH_PATHS = "$(inherited) @executable_path/Frameworks";
				PRODUCT_NAME = "$(TARGET_NAME)";
			};
			name = Release;
		};
		0248BEC21AFD053B008A97DC /* Debug */ = {
			isa = XCBuildConfiguration;
			buildSettings = {
				BUNDLE_LOADER = "$(TEST_HOST)";
				FRAMEWORK_SEARCH_PATHS = (
					"$(SDKROOT)/Developer/Library/Frameworks",
					"$(inherited)",
				);
				GCC_PREPROCESSOR_DEFINITIONS = (
					"DEBUG=1",
					"$(inherited)",
				);
				INFOPLIST_FILE = Autolayout_193pTests/Info.plist;
				LD_RUNPATH_SEARCH_PATHS = "$(inherited) @executable_path/Frameworks @loader_path/Frameworks";
				PRODUCT_NAME = "$(TARGET_NAME)";
				TEST_HOST = "$(BUILT_PRODUCTS_DIR)/Autolayout_193p.app/Autolayout_193p";
			};
			name = Debug;
		};
		0248BEC31AFD053B008A97DC /* Release */ = {
			isa = XCBuildConfiguration;
			buildSettings = {
				BUNDLE_LOADER = "$(TEST_HOST)";
				FRAMEWORK_SEARCH_PATHS = (
					"$(SDKROOT)/Developer/Library/Frameworks",
					"$(inherited)",
				);
				INFOPLIST_FILE = Autolayout_193pTests/Info.plist;
				LD_RUNPATH_SEARCH_PATHS = "$(inherited) @executable_path/Frameworks @loader_path/Frameworks";
				PRODUCT_NAME = "$(TARGET_NAME)";
				TEST_HOST = "$(BUILT_PRODUCTS_DIR)/Autolayout_193p.app/Autolayout_193p";
			};
			name = Release;
		};
/* End XCBuildConfiguration section */

/* Begin XCConfigurationList section */
		0248BE9A1AFD053B008A97DC /* Build configuration list for PBXProject "Autolayout_193p" */ = {
			isa = XCConfigurationList;
			buildConfigurations = (
				0248BEBC1AFD053B008A97DC /* Debug */,
				0248BEBD1AFD053B008A97DC /* Release */,
			);
			defaultConfigurationIsVisible = 0;
			defaultConfigurationName = Release;
		};
		0248BEBE1AFD053B008A97DC /* Build configuration list for PBXNativeTarget "Autolayout_193p" */ = {
			isa = XCConfigurationList;
			buildConfigurations = (
				0248BEBF1AFD053B008A97DC /* Debug */,
				0248BEC01AFD053B008A97DC /* Release */,
			);
			defaultConfigurationIsVisible = 0;
			defaultConfigurationName = Release;
		};
		0248BEC11AFD053B008A97DC /* Build configuration list for PBXNativeTarget "Autolayout_193pTests" */ = {
			isa = XCConfigurationList;
			buildConfigurations = (
				0248BEC21AFD053B008A97DC /* Debug */,
				0248BEC31AFD053B008A97DC /* Release */,
			);
			defaultConfigurationIsVisible = 0;
			defaultConfigurationName = Release;
		};
/* End XCConfigurationList section */
	};
	rootObject = 0248BE971AFD053B008A97DC /* Project object */;
}
